
Microsoft Visual Studio Solution File, Format Version 12.00
# Visual Studio Version 17
VisualStudioVersion = 17.8.34601.278
MinimumVisualStudioVersion = 10.0.40219.1
Project("{FAE04EC0-301F-11D3-BF4B-00C04F79EFBC}") = "ScarpeCo", "ScarpeCo\ScarpeCo.csproj", "{17091626-F291-435B-9AD2-C17281AA5927}"
EndProject
Global
	GlobalSection(SolutionConfigurationPlatforms) = preSolution
		Debug|Any CPU = Debug|Any CPU
		Release|Any CPU = Release|Any CPU
	EndGlobalSection
	GlobalSection(ProjectConfigurationPlatforms) = postSolution
		{17091626-F291-435B-9AD2-C17281AA5927}.Debug|Any CPU.ActiveCfg = Debug|Any CPU
		{17091626-F291-435B-9AD2-C17281AA5927}.Debug|Any CPU.Build.0 = Debug|Any CPU
		{17091626-F291-435B-9AD2-C17281AA5927}.Release|Any CPU.ActiveCfg = Release|Any CPU
		{17091626-F291-435B-9AD2-C17281AA5927}.Release|Any CPU.Build.0 = Release|Any CPU
	EndGlobalSection
	GlobalSection(SolutionProperties) = preSolution
		HideSolutionNode = FALSE
	EndGlobalSection
	GlobalSection(ExtensibilityGlobals) = postSolution
		SolutionGuid = {7A19643B-8154-4DF5-8D75-6B38C2B57776}
	EndGlobalSection
EndGlobal
